<?xml version="1.0" encoding="utf-8"?>
<Project ToolsVersion="4.0" xmlns="http://schemas.microsoft.com/developer/msbuild/2003">
  <ItemGroup>
    <Filter Include="Source Files">
      <UniqueIdentifier>{4FC737F1-C7A5-4376-A066-2A32D752A2FF}</UniqueIdentifier>
      <Extensions>cpp;c;cc;cxx;def;odl;idl;hpj;bat;asm;asmx</Extensions>
    </Filter>
    <Filter Include="Header Files">
      <UniqueIdentifier>{93995380-89BD-4b04-88EB-625FBE52EBFB}</UniqueIdentifier>
      <Extensions>h;hh;hpp;hxx;hm;inl;inc;xsd</Extensions>
    </Filter>
    <Filter Include="Resource Files">
      <UniqueIdentifier>{67DA6AB6-F800-4c08-8B7A-83BB121AAD01}</UniqueIdentifier>
      <Extensions>rc;ico;cur;bmp;dlg;rc2;rct;bin;rgs;gif;jpg;jpeg;jpe;resx;tiff;tif;png;wav;mfcribbon-ms</Extensions>
    </Filter>
  </ItemGroup>
  <ItemGroup>
    <ClCompile Include="..\osvm\src\configuration.cc">
      <Filter>Source Files</Filter>
    </ClCompile>
    <ClCompile Include="..\osvm\src\launcher.cc">
      <Filter>Source Files</Filter>
    </ClCompile>
    <ClCompile Include="..\osvm\src\osvm.cc">
      <Filter>Source Files</Filter>
    </ClCompile>
    <ClCompile Include="..\osvm\src\data\dataset.cc">
      <Filter>Source Files</Filter>
    </ClCompile>
    <ClCompile Include="..\osvm\src\data\solver_factory.cc">
      <Filter>Source Files</Filter>
    </ClCompile>
    <ClCompile Include="..\osvm\src\feature\feature.cc">
      <Filter>Source Files</Filter>
    </ClCompile>
    <ClCompile Include="..\osvm\src\logging\log.cc">
      <Filter>Source Files</Filter>
    </ClCompile>
    <ClCompile Include="..\osvm\src\math\matrix.cc">
      <Filter>Source Files</Filter>
    </ClCompile>
    <ClCompile Include="..\osvm\src\math\matrix_dense.cc">
      <Filter>Source Files</Filter>
    </ClCompile>
    <ClCompile Include="..\osvm\src\math\matrix_sparse.cc">
      <Filter>Source Files</Filter>
    </ClCompile>
    <ClCompile Include="..\osvm\src\math\numeric.cc">
      <Filter>Source Files</Filter>
    </ClCompile>
    <ClCompile Include="..\osvm\src\math\random.cc">
      <Filter>Source Files</Filter>
    </ClCompile>
    <ClCompile Include="..\osvm\src\model\selection.cc">
      <Filter>Source Files</Filter>
    </ClCompile>
    <ClCompile Include="..\osvm\src\svm\generator.cc">
      <Filter>Source Files</Filter>
    </ClCompile>
    <ClCompile Include="..\osvm\src\svm\kernel.cc">
      <Filter>Source Files</Filter>
    </ClCompile>
    <ClCompile Include="..\osvm\src\svm\params.cc">
      <Filter>Source Files</Filter>
    </ClCompile>
    <ClCompile Include="..\osvm\src\svm\stop.cc">
      <Filter>Source Files</Filter>
    </ClCompile>
    <ClCompile Include="..\osvm\src\time\timer.cc">
      <Filter>Source Files</Filter>
    </ClCompile>
  </ItemGroup>
  <ItemGroup>
    <ClInclude Include="..\osvm\src\configuration.h">
      <Filter>Header Files</Filter>
    </ClInclude>
    <ClInclude Include="..\osvm\src\launcher.h">
      <Filter>Header Files</Filter>
    </ClInclude>
    <ClInclude Include="..\osvm\src\osvm.h">
      <Filter>Header Files</Filter>
    </ClInclude>
    <ClInclude Include="..\osvm\src\data\dataset.h">
      <Filter>Header Files</Filter>
    </ClInclude>
    <ClInclude Include="..\osvm\src\data\solver_factory.h">
      <Filter>Header Files</Filter>
    </ClInclude>
    <ClInclude Include="..\osvm\src\feature\feature.h">
      <Filter>Header Files</Filter>
    </ClInclude>
    <ClInclude Include="..\osvm\src\logging\log.h">
      <Filter>Header Files</Filter>
    </ClInclude>
    <ClInclude Include="..\osvm\src\math\average.h">
      <Filter>Header Files</Filter>
    </ClInclude>
    <ClInclude Include="..\osvm\src\math\matrix.h">
      <Filter>Header Files</Filter>
    </ClInclude>
    <ClInclude Include="..\osvm\src\math\matrix_dense.h">
      <Filter>Header Files</Filter>
    </ClInclude>
    <ClInclude Include="..\osvm\src\math\matrix_sparse.h">
      <Filter>Header Files</Filter>
    </ClInclude>
    <ClInclude Include="..\osvm\src\math\numeric.h">
      <Filter>Header Files</Filter>
    </ClInclude>
    <ClInclude Include="..\osvm\src\math\random.h">
      <Filter>Header Files</Filter>
    </ClInclude>
    <ClInclude Include="..\osvm\src\model\selection.h">
      <Filter>Header Files</Filter>
    </ClInclude>
    <ClInclude Include="..\osvm\src\svm\bias.h">
      <Filter>Header Files</Filter>
    </ClInclude>
    <ClInclude Include="..\osvm\src\svm\cache.h">
      <Filter>Header Files</Filter>
    </ClInclude>
    <ClInclude Include="..\osvm\src\svm\classify.h">
      <Filter>Header Files</Filter>
    </ClInclude>
    <ClInclude Include="..\osvm\src\svm\generator.h">
      <Filter>Header Files</Filter>
    </ClInclude>
    <ClInclude Include="..\osvm\src\svm\kernel.h">
      <Filter>Header Files</Filter>
    </ClInclude>
    <ClInclude Include="..\osvm\src\svm\pairwise_solver.h">
      <Filter>Header Files</Filter>
    </ClInclude>
    <ClInclude Include="..\osvm\src\svm\params.h">
      <Filter>Header Files</Filter>
    </ClInclude>
    <ClInclude Include="..\osvm\src\svm\solver.h">
      <Filter>Header Files</Filter>
    </ClInclude>
    <ClInclude Include="..\osvm\src\svm\stop.h">
      <Filter>Header Files</Filter>
    </ClInclude>
    <ClInclude Include="..\osvm\src\svm\strategy.h">
      <Filter>Header Files</Filter>
    </ClInclude>
    <ClInclude Include="..\osvm\src\svm\universal_solver.h">
      <Filter>Header Files</Filter>
    </ClInclude>
    <ClInclude Include="..\osvm\src\svm\validation.h">
      <Filter>Header Files</Filter>
    </ClInclude>
    <ClInclude Include="..\osvm\src\svm\violation.h">
      <Filter>Header Files</Filter>
    </ClInclude>
    <ClInclude Include="..\osvm\src\time\timer.h">
      <Filter>Header Files</Filter>
    </ClInclude>
  </ItemGroup>
</Project>